
Microsoft Visual Studio Solution File, Format Version 12.00
# Visual Studio Version 16
VisualStudioVersion = 16.0.30114.105
MinimumVisualStudioVersion = 10.0.40219.1
Project("{FAE04EC0-301F-11D3-BF4B-00C04F79EFBC}") = "R5T.Magyar", "R5T.Magyar\R5T.Magyar.csproj", "{F247927C-D79C-4616-8014-B8CE0249D9A4}"
EndProject
Project("{FAE04EC0-301F-11D3-BF4B-00C04F79EFBC}") = "R5T.Magyar.Construction", "R5T.Magyar.Construction\R5T.Magyar.Construction.csproj", "{11519949-7D08-4CA3-8428-46CE30299069}"
EndProject
Project("{FAE04EC0-301F-11D3-BF4B-00C04F79EFBC}") = "R5T.Magyar.T001", "R5T.Magyar.T001\R5T.Magyar.T001.csproj", "{6CF7E8E7-0A95-4CF1-9767-96150D31CC0A}"
EndProject
Project("{FAE04EC0-301F-11D3-BF4B-00C04F79EFBC}") = "R5T.Magyar.T002", "R5T.Magyar.T002\R5T.Magyar.T002.csproj", "{54B644F0-67CA-4938-88B8-7F135A477393}"
EndProject
Project("{FAE04EC0-301F-11D3-BF4B-00C04F79EFBC}") = "R5T.Magyar.T002.X000", "R5T.Magyar.T002.X000\R5T.Magyar.T002.X000.csproj", "{081B5253-4DDC-4661-991E-BF90111E607C}"
EndProject
Project("{FAE04EC0-301F-11D3-BF4B-00C04F79EFBC}") = "R5T.Magyar.T003", "R5T.Magyar.T003\R5T.Magyar.T003.csproj", "{F95A4E99-266F-4ADC-ACF7-B9561AFB3C78}"
EndProject
Project("{FAE04EC0-301F-11D3-BF4B-00C04F79EFBC}") = "R5T.Magyar.T003.X001", "R5T.Magyar.T003.X001\R5T.Magyar.T003.X001.csproj", "{FCF0D967-7FCA-4419-97A9-6DF958E594A7}"
EndProject
Project("{FAE04EC0-301F-11D3-BF4B-00C04F79EFBC}") = "R5T.Magyar.Testing", "R5T.Magyar.Testing\R5T.Magyar.Testing.csproj", "{91C64970-9AFD-42F8-9C92-7AB7A3A4C326}"
EndProject
Project("{FAE04EC0-301F-11D3-BF4B-00C04F79EFBC}") = "R5T.Magyar.X000", "R5T.Magyar.X000\R5T.Magyar.X000.csproj", "{CCEAB0F2-549A-4190-943F-E7CA87777115}"
EndProject
Global
	GlobalSection(SolutionConfigurationPlatforms) = preSolution
		Debug|Any CPU = Debug|Any CPU
		Debug|x64 = Debug|x64
		Debug|x86 = Debug|x86
		Release|Any CPU = Release|Any CPU
		Release|x64 = Release|x64
		Release|x86 = Release|x86
	EndGlobalSection
	GlobalSection(SolutionProperties) = preSolution
		HideSolutionNode = FALSE
	EndGlobalSection
	GlobalSection(ProjectConfigurationPlatforms) = postSolution
		{F247927C-D79C-4616-8014-B8CE0249D9A4}.Debug|Any CPU.ActiveCfg = Debug|Any CPU
		{F247927C-D79C-4616-8014-B8CE0249D9A4}.Debug|Any CPU.Build.0 = Debug|Any CPU
		{F247927C-D79C-4616-8014-B8CE0249D9A4}.Debug|x64.ActiveCfg = Debug|Any CPU
		{F247927C-D79C-4616-8014-B8CE0249D9A4}.Debug|x64.Build.0 = Debug|Any CPU
		{F247927C-D79C-4616-8014-B8CE0249D9A4}.Debug|x86.ActiveCfg = Debug|Any CPU
		{F247927C-D79C-4616-8014-B8CE0249D9A4}.Debug|x86.Build.0 = Debug|Any CPU
		{F247927C-D79C-4616-8014-B8CE0249D9A4}.Release|Any CPU.ActiveCfg = Release|Any CPU
		{F247927C-D79C-4616-8014-B8CE0249D9A4}.Release|Any CPU.Build.0 = Release|Any CPU
		{F247927C-D79C-4616-8014-B8CE0249D9A4}.Release|x64.ActiveCfg = Release|Any CPU
		{F247927C-D79C-4616-8014-B8CE0249D9A4}.Release|x64.Build.0 = Release|Any CPU
		{F247927C-D79C-4616-8014-B8CE0249D9A4}.Release|x86.ActiveCfg = Release|Any CPU
		{F247927C-D79C-4616-8014-B8CE0249D9A4}.Release|x86.Build.0 = Release|Any CPU
		{11519949-7D08-4CA3-8428-46CE30299069}.Debug|Any CPU.ActiveCfg = Debug|Any CPU
		{11519949-7D08-4CA3-8428-46CE30299069}.Debug|Any CPU.Build.0 = Debug|Any CPU
		{11519949-7D08-4CA3-8428-46CE30299069}.Debug|x64.ActiveCfg = Debug|Any CPU
		{11519949-7D08-4CA3-8428-46CE30299069}.Debug|x64.Build.0 = Debug|Any CPU
		{11519949-7D08-4CA3-8428-46CE30299069}.Debug|x86.ActiveCfg = Debug|Any CPU
		{11519949-7D08-4CA3-8428-46CE30299069}.Debug|x86.Build.0 = Debug|Any CPU
		{11519949-7D08-4CA3-8428-46CE30299069}.Release|Any CPU.ActiveCfg = Release|Any CPU
		{11519949-7D08-4CA3-8428-46CE30299069}.Release|Any CPU.Build.0 = Release|Any CPU
		{11519949-7D08-4CA3-8428-46CE30299069}.Release|x64.ActiveCfg = Release|Any CPU
		{11519949-7D08-4CA3-8428-46CE30299069}.Release|x64.Build.0 = Release|Any CPU
		{11519949-7D08-4CA3-8428-46CE30299069}.Release|x86.ActiveCfg = Release|Any CPU
		{11519949-7D08-4CA3-8428-46CE30299069}.Release|x86.Build.0 = Release|Any CPU
		{6CF7E8E7-0A95-4CF1-9767-96150D31CC0A}.Debug|Any CPU.ActiveCfg = Debug|Any CPU
		{6CF7E8E7-0A95-4CF1-9767-96150D31CC0A}.Debug|Any CPU.Build.0 = Debug|Any CPU
		{6CF7E8E7-0A95-4CF1-9767-96150D31CC0A}.Debug|x64.ActiveCfg = Debug|Any CPU
		{6CF7E8E7-0A95-4CF1-9767-96150D31CC0A}.Debug|x64.Build.0 = Debug|Any CPU
		{6CF7E8E7-0A95-4CF1-9767-96150D31CC0A}.Debug|x86.ActiveCfg = Debug|Any CPU
		{6CF7E8E7-0A95-4CF1-9767-96150D31CC0A}.Debug|x86.Build.0 = Debug|Any CPU
		{6CF7E8E7-0A95-4CF1-9767-96150D31CC0A}.Release|Any CPU.ActiveCfg = Release|Any CPU
		{6CF7E8E7-0A95-4CF1-9767-96150D31CC0A}.Release|Any CPU.Build.0 = Release|Any CPU
		{6CF7E8E7-0A95-4CF1-9767-96150D31CC0A}.Release|x64.ActiveCfg = Release|Any CPU
		{6CF7E8E7-0A95-4CF1-9767-96150D31CC0A}.Release|x64.Build.0 = Release|Any CPU
		{6CF7E8E7-0A95-4CF1-9767-96150D31CC0A}.Release|x86.ActiveCfg = Release|Any CPU
		{6CF7E8E7-0A95-4CF1-9767-96150D31CC0A}.Release|x86.Build.0 = Release|Any CPU
		{54B644F0-67CA-4938-88B8-7F135A477393}.Debug|Any CPU.ActiveCfg = Debug|Any CPU
		{54B644F0-67CA-4938-88B8-7F135A477393}.Debug|Any CPU.Build.0 = Debug|Any CPU
		{54B644F0-67CA-4938-88B8-7F135A477393}.Debug|x64.ActiveCfg = Debug|Any CPU
		{54B644F0-67CA-4938-88B8-7F135A477393}.Debug|x64.Build.0 = Debug|Any CPU
		{54B644F0-67CA-4938-88B8-7F135A477393}.Debug|x86.ActiveCfg = Debug|Any CPU
		{54B644F0-67CA-4938-88B8-7F135A477393}.Debug|x86.Build.0 = Debug|Any CPU
		{54B644F0-67CA-4938-88B8-7F135A477393}.Release|Any CPU.ActiveCfg = Release|Any CPU
		{54B644F0-67CA-4938-88B8-7F135A477393}.Release|Any CPU.Build.0 = Release|Any CPU
		{54B644F0-67CA-4938-88B8-7F135A477393}.Release|x64.ActiveCfg = Release|Any CPU
		{54B644F0-67CA-4938-88B8-7F135A477393}.Release|x64.Build.0 = Release|Any CPU
		{54B644F0-67CA-4938-88B8-7F135A477393}.Release|x86.ActiveCfg = Release|Any CPU
		{54B644F0-67CA-4938-88B8-7F135A477393}.Release|x86.Build.0 = Release|Any CPU
		{081B5253-4DDC-4661-991E-BF90111E607C}.Debug|Any CPU.ActiveCfg = Debug|Any CPU
		{081B5253-4DDC-4661-991E-BF90111E607C}.Debug|Any CPU.Build.0 = Debug|Any CPU
		{081B5253-4DDC-4661-991E-BF90111E607C}.Debug|x64.ActiveCfg = Debug|Any CPU
		{081B5253-4DDC-4661-991E-BF90111E607C}.Debug|x64.Build.0 = Debug|Any CPU
		{081B5253-4DDC-4661-991E-BF90111E607C}.Debug|x86.ActiveCfg = Debug|Any CPU
		{081B5253-4DDC-4661-991E-BF90111E607C}.Debug|x86.Build.0 = Debug|Any CPU
		{081B5253-4DDC-4661-991E-BF90111E607C}.Release|Any CPU.ActiveCfg = Release|Any CPU
		{081B5253-4DDC-4661-991E-BF90111E607C}.Release|Any CPU.Build.0 = Release|Any CPU
		{081B5253-4DDC-4661-991E-BF90111E607C}.Release|x64.ActiveCfg = Release|Any CPU
		{081B5253-4DDC-4661-991E-BF90111E607C}.Release|x64.Build.0 = Release|Any CPU
		{081B5253-4DDC-4661-991E-BF90111E607C}.Release|x86.ActiveCfg = Release|Any CPU
		{081B5253-4DDC-4661-991E-BF90111E607C}.Release|x86.Build.0 = Release|Any CPU
		{F95A4E99-266F-4ADC-ACF7-B9561AFB3C78}.Debug|Any CPU.ActiveCfg = Debug|Any CPU
		{F95A4E99-266F-4ADC-ACF7-B9561AFB3C78}.Debug|Any CPU.Build.0 = Debug|Any CPU
		{F95A4E99-266F-4ADC-ACF7-B9561AFB3C78}.Debug|x64.ActiveCfg = Debug|Any CPU
		{F95A4E99-266F-4ADC-ACF7-B9561AFB3C78}.Debug|x64.Build.0 = Debug|Any CPU
		{F95A4E99-266F-4ADC-ACF7-B9561AFB3C78}.Debug|x86.ActiveCfg = Debug|Any CPU
		{F95A4E99-266F-4ADC-ACF7-B9561AFB3C78}.Debug|x86.Build.0 = Debug|Any CPU
		{F95A4E99-266F-4ADC-ACF7-B9561AFB3C78}.Release|Any CPU.ActiveCfg = Release|Any CPU
		{F95A4E99-266F-4ADC-ACF7-B9561AFB3C78}.Release|Any CPU.Build.0 = Release|Any CPU
		{F95A4E99-266F-4ADC-ACF7-B9561AFB3C78}.Release|x64.ActiveCfg = Release|Any CPU
		{F95A4E99-266F-4ADC-ACF7-B9561AFB3C78}.Release|x64.Build.0 = Release|Any CPU
		{F95A4E99-266F-4ADC-ACF7-B9561AFB3C78}.Release|x86.ActiveCfg = Release|Any CPU
		{F95A4E99-266F-4ADC-ACF7-B9561AFB3C78}.Release|x86.Build.0 = Release|Any CPU
		{FCF0D967-7FCA-4419-97A9-6DF958E594A7}.Debug|Any CPU.ActiveCfg = Debug|Any CPU
		{FCF0D967-7FCA-4419-97A9-6DF958E594A7}.Debug|Any CPU.Build.0 = Debug|Any CPU
		{FCF0D967-7FCA-4419-97A9-6DF958E594A7}.Debug|x64.ActiveCfg = Debug|Any CPU
		{FCF0D967-7FCA-4419-97A9-6DF958E594A7}.Debug|x64.Build.0 = Debug|Any CPU
		{FCF0D967-7FCA-4419-97A9-6DF958E594A7}.Debug|x86.ActiveCfg = Debug|Any CPU
		{FCF0D967-7FCA-4419-97A9-6DF958E594A7}.Debug|x86.Build.0 = Debug|Any CPU
		{FCF0D967-7FCA-4419-97A9-6DF958E594A7}.Release|Any CPU.ActiveCfg = Release|Any CPU
		{FCF0D967-7FCA-4419-97A9-6DF958E594A7}.Release|Any CPU.Build.0 = Release|Any CPU
		{FCF0D967-7FCA-4419-97A9-6DF958E594A7}.Release|x64.ActiveCfg = Release|Any CPU
		{FCF0D967-7FCA-4419-97A9-6DF958E594A7}.Release|x64.Build.0 = Release|Any CPU
		{FCF0D967-7FCA-4419-97A9-6DF958E594A7}.Release|x86.ActiveCfg = Release|Any CPU
		{FCF0D967-7FCA-4419-97A9-6DF958E594A7}.Release|x86.Build.0 = Release|Any CPU
		{91C64970-9AFD-42F8-9C92-7AB7A3A4C326}.Debug|Any CPU.ActiveCfg = Debug|Any CPU
		{91C64970-9AFD-42F8-9C92-7AB7A3A4C326}.Debug|Any CPU.Build.0 = Debug|Any CPU
		{91C64970-9AFD-42F8-9C92-7AB7A3A4C326}.Debug|x64.ActiveCfg = Debug|Any CPU
		{91C64970-9AFD-42F8-9C92-7AB7A3A4C326}.Debug|x64.Build.0 = Debug|Any CPU
		{91C64970-9AFD-42F8-9C92-7AB7A3A4C326}.Debug|x86.ActiveCfg = Debug|Any CPU
		{91C64970-9AFD-42F8-9C92-7AB7A3A4C326}.Debug|x86.Build.0 = Debug|Any CPU
		{91C64970-9AFD-42F8-9C92-7AB7A3A4C326}.Release|Any CPU.ActiveCfg = Release|Any CPU
		{91C64970-9AFD-42F8-9C92-7AB7A3A4C326}.Release|Any CPU.Build.0 = Release|Any CPU
		{91C64970-9AFD-42F8-9C92-7AB7A3A4C326}.Release|x64.ActiveCfg = Release|Any CPU
		{91C64970-9AFD-42F8-9C92-7AB7A3A4C326}.Release|x64.Build.0 = Release|Any CPU
		{91C64970-9AFD-42F8-9C92-7AB7A3A4C326}.Release|x86.ActiveCfg = Release|Any CPU
		{91C64970-9AFD-42F8-9C92-7AB7A3A4C326}.Release|x86.Build.0 = Release|Any CPU
		{CCEAB0F2-549A-4190-943F-E7CA87777115}.Debug|Any CPU.ActiveCfg = Debug|Any CPU
		{CCEAB0F2-549A-4190-943F-E7CA87777115}.Debug|Any CPU.Build.0 = Debug|Any CPU
		{CCEAB0F2-549A-4190-943F-E7CA87777115}.Debug|x64.ActiveCfg = Debug|Any CPU
		{CCEAB0F2-549A-4190-943F-E7CA87777115}.Debug|x64.Build.0 = Debug|Any CPU
		{CCEAB0F2-549A-4190-943F-E7CA87777115}.Debug|x86.ActiveCfg = Debug|Any CPU
		{CCEAB0F2-549A-4190-943F-E7CA87777115}.Debug|x86.Build.0 = Debug|Any CPU
		{CCEAB0F2-549A-4190-943F-E7CA87777115}.Release|Any CPU.ActiveCfg = Release|Any CPU
		{CCEAB0F2-549A-4190-943F-E7CA87777115}.Release|Any CPU.Build.0 = Release|Any CPU
		{CCEAB0F2-549A-4190-943F-E7CA87777115}.Release|x64.ActiveCfg = Release|Any CPU
		{CCEAB0F2-549A-4190-943F-E7CA87777115}.Release|x64.Build.0 = Release|Any CPU
		{CCEAB0F2-549A-4190-943F-E7CA87777115}.Release|x86.ActiveCfg = Release|Any CPU
		{CCEAB0F2-549A-4190-943F-E7CA87777115}.Release|x86.Build.0 = Release|Any CPU
	EndGlobalSection
EndGlobal
