
Microsoft Visual Studio Solution File, Format Version 12.00
# Visual Studio 15
VisualStudioVersion = 15.0.26124.0
MinimumVisualStudioVersion = 15.0.26124.0
Project("{9A19103F-16F7-4668-BE54-9A1E7A4F7556}") = "R5T.Magyar.Construction", "R5T.Magyar.Construction\R5T.Magyar.Construction.csproj", "{CBFF1B4F-831D-40C5-9670-986B3E6F546A}"
EndProject
Project("{9A19103F-16F7-4668-BE54-9A1E7A4F7556}") = "R5T.Magyar", "R5T.Magyar\R5T.Magyar.csproj", "{08129F1B-F843-483A-80F2-4E6705ADF021}"
EndProject
Project("{9A19103F-16F7-4668-BE54-9A1E7A4F7556}") = "R5T.Magyar.Testing", "R5T.Magyar.Testing\R5T.Magyar.Testing.csproj", "{76F89C91-CAFD-4672-BB31-D0959B6881FD}"
EndProject
Project("{FAE04EC0-301F-11D3-BF4B-00C04F79EFBC}") = "R5T.Magyar.T001", "R5T.Magyar.T001\R5T.Magyar.T001.csproj", "{C5519859-A1DC-454C-B71C-BBF93BE95DC3}"
EndProject
Project("{2150E333-8FDC-42A3-9474-1A3956D46DE8}") = "_Dependencies", "_Dependencies", "{F2505D43-7E93-452E-A69C-14FFB028FF8D}"
EndProject
Project("{9A19103F-16F7-4668-BE54-9A1E7A4F7556}") = "R5T.T0039.T002", "..\..\R5T.T0039\source\R5T.T0039.T002\R5T.T0039.T002.csproj", "{2328A95E-DC51-4795-9DAE-F38F2A1CC96B}"
EndProject
Project("{FAE04EC0-301F-11D3-BF4B-00C04F79EFBC}") = "R5T.Magyar.T002", "R5T.Magyar.T002\R5T.Magyar.T002.csproj", "{599EC1DC-A379-42BB-A7F6-16E6496B2668}"
EndProject
Project("{FAE04EC0-301F-11D3-BF4B-00C04F79EFBC}") = "R5T.Magyar.T003", "R5T.Magyar.T003\R5T.Magyar.T003.csproj", "{26F69CAE-3758-4BD5-A302-CCF91BC14FBC}"
EndProject
Project("{FAE04EC0-301F-11D3-BF4B-00C04F79EFBC}") = "R5T.Magyar.T003.X001", "R5T.Magyar.T003.X001\R5T.Magyar.T003.X001.csproj", "{7FDA207A-C296-4C5A-B4BC-1C678C24AEF1}"
EndProject
Global
	GlobalSection(SolutionConfigurationPlatforms) = preSolution
		Debug|Any CPU = Debug|Any CPU
		Debug|x64 = Debug|x64
		Debug|x86 = Debug|x86
		Release|Any CPU = Release|Any CPU
		Release|x64 = Release|x64
		Release|x86 = Release|x86
	EndGlobalSection
	GlobalSection(ProjectConfigurationPlatforms) = postSolution
		{CBFF1B4F-831D-40C5-9670-986B3E6F546A}.Debug|Any CPU.ActiveCfg = Debug|Any CPU
		{CBFF1B4F-831D-40C5-9670-986B3E6F546A}.Debug|Any CPU.Build.0 = Debug|Any CPU
		{CBFF1B4F-831D-40C5-9670-986B3E6F546A}.Debug|x64.ActiveCfg = Debug|Any CPU
		{CBFF1B4F-831D-40C5-9670-986B3E6F546A}.Debug|x64.Build.0 = Debug|Any CPU
		{CBFF1B4F-831D-40C5-9670-986B3E6F546A}.Debug|x86.ActiveCfg = Debug|Any CPU
		{CBFF1B4F-831D-40C5-9670-986B3E6F546A}.Debug|x86.Build.0 = Debug|Any CPU
		{CBFF1B4F-831D-40C5-9670-986B3E6F546A}.Release|Any CPU.ActiveCfg = Release|Any CPU
		{CBFF1B4F-831D-40C5-9670-986B3E6F546A}.Release|Any CPU.Build.0 = Release|Any CPU
		{CBFF1B4F-831D-40C5-9670-986B3E6F546A}.Release|x64.ActiveCfg = Release|Any CPU
		{CBFF1B4F-831D-40C5-9670-986B3E6F546A}.Release|x64.Build.0 = Release|Any CPU
		{CBFF1B4F-831D-40C5-9670-986B3E6F546A}.Release|x86.ActiveCfg = Release|Any CPU
		{CBFF1B4F-831D-40C5-9670-986B3E6F546A}.Release|x86.Build.0 = Release|Any CPU
		{08129F1B-F843-483A-80F2-4E6705ADF021}.Debug|Any CPU.ActiveCfg = Debug|Any CPU
		{08129F1B-F843-483A-80F2-4E6705ADF021}.Debug|Any CPU.Build.0 = Debug|Any CPU
		{08129F1B-F843-483A-80F2-4E6705ADF021}.Debug|x64.ActiveCfg = Debug|Any CPU
		{08129F1B-F843-483A-80F2-4E6705ADF021}.Debug|x64.Build.0 = Debug|Any CPU
		{08129F1B-F843-483A-80F2-4E6705ADF021}.Debug|x86.ActiveCfg = Debug|Any CPU
		{08129F1B-F843-483A-80F2-4E6705ADF021}.Debug|x86.Build.0 = Debug|Any CPU
		{08129F1B-F843-483A-80F2-4E6705ADF021}.Release|Any CPU.ActiveCfg = Release|Any CPU
		{08129F1B-F843-483A-80F2-4E6705ADF021}.Release|Any CPU.Build.0 = Release|Any CPU
		{08129F1B-F843-483A-80F2-4E6705ADF021}.Release|x64.ActiveCfg = Release|Any CPU
		{08129F1B-F843-483A-80F2-4E6705ADF021}.Release|x64.Build.0 = Release|Any CPU
		{08129F1B-F843-483A-80F2-4E6705ADF021}.Release|x86.ActiveCfg = Release|Any CPU
		{08129F1B-F843-483A-80F2-4E6705ADF021}.Release|x86.Build.0 = Release|Any CPU
		{76F89C91-CAFD-4672-BB31-D0959B6881FD}.Debug|Any CPU.ActiveCfg = Debug|Any CPU
		{76F89C91-CAFD-4672-BB31-D0959B6881FD}.Debug|Any CPU.Build.0 = Debug|Any CPU
		{76F89C91-CAFD-4672-BB31-D0959B6881FD}.Debug|x64.ActiveCfg = Debug|Any CPU
		{76F89C91-CAFD-4672-BB31-D0959B6881FD}.Debug|x64.Build.0 = Debug|Any CPU
		{76F89C91-CAFD-4672-BB31-D0959B6881FD}.Debug|x86.ActiveCfg = Debug|Any CPU
		{76F89C91-CAFD-4672-BB31-D0959B6881FD}.Debug|x86.Build.0 = Debug|Any CPU
		{76F89C91-CAFD-4672-BB31-D0959B6881FD}.Release|Any CPU.ActiveCfg = Release|Any CPU
		{76F89C91-CAFD-4672-BB31-D0959B6881FD}.Release|Any CPU.Build.0 = Release|Any CPU
		{76F89C91-CAFD-4672-BB31-D0959B6881FD}.Release|x64.ActiveCfg = Release|Any CPU
		{76F89C91-CAFD-4672-BB31-D0959B6881FD}.Release|x64.Build.0 = Release|Any CPU
		{76F89C91-CAFD-4672-BB31-D0959B6881FD}.Release|x86.ActiveCfg = Release|Any CPU
		{76F89C91-CAFD-4672-BB31-D0959B6881FD}.Release|x86.Build.0 = Release|Any CPU
		{C5519859-A1DC-454C-B71C-BBF93BE95DC3}.Debug|Any CPU.ActiveCfg = Debug|Any CPU
		{C5519859-A1DC-454C-B71C-BBF93BE95DC3}.Debug|Any CPU.Build.0 = Debug|Any CPU
		{C5519859-A1DC-454C-B71C-BBF93BE95DC3}.Debug|x64.ActiveCfg = Debug|Any CPU
		{C5519859-A1DC-454C-B71C-BBF93BE95DC3}.Debug|x64.Build.0 = Debug|Any CPU
		{C5519859-A1DC-454C-B71C-BBF93BE95DC3}.Debug|x86.ActiveCfg = Debug|Any CPU
		{C5519859-A1DC-454C-B71C-BBF93BE95DC3}.Debug|x86.Build.0 = Debug|Any CPU
		{C5519859-A1DC-454C-B71C-BBF93BE95DC3}.Release|Any CPU.ActiveCfg = Release|Any CPU
		{C5519859-A1DC-454C-B71C-BBF93BE95DC3}.Release|Any CPU.Build.0 = Release|Any CPU
		{C5519859-A1DC-454C-B71C-BBF93BE95DC3}.Release|x64.ActiveCfg = Release|Any CPU
		{C5519859-A1DC-454C-B71C-BBF93BE95DC3}.Release|x64.Build.0 = Release|Any CPU
		{C5519859-A1DC-454C-B71C-BBF93BE95DC3}.Release|x86.ActiveCfg = Release|Any CPU
		{C5519859-A1DC-454C-B71C-BBF93BE95DC3}.Release|x86.Build.0 = Release|Any CPU
		{2328A95E-DC51-4795-9DAE-F38F2A1CC96B}.Debug|Any CPU.ActiveCfg = Debug|Any CPU
		{2328A95E-DC51-4795-9DAE-F38F2A1CC96B}.Debug|Any CPU.Build.0 = Debug|Any CPU
		{2328A95E-DC51-4795-9DAE-F38F2A1CC96B}.Debug|x64.ActiveCfg = Debug|Any CPU
		{2328A95E-DC51-4795-9DAE-F38F2A1CC96B}.Debug|x64.Build.0 = Debug|Any CPU
		{2328A95E-DC51-4795-9DAE-F38F2A1CC96B}.Debug|x86.ActiveCfg = Debug|Any CPU
		{2328A95E-DC51-4795-9DAE-F38F2A1CC96B}.Debug|x86.Build.0 = Debug|Any CPU
		{2328A95E-DC51-4795-9DAE-F38F2A1CC96B}.Release|Any CPU.ActiveCfg = Release|Any CPU
		{2328A95E-DC51-4795-9DAE-F38F2A1CC96B}.Release|Any CPU.Build.0 = Release|Any CPU
		{2328A95E-DC51-4795-9DAE-F38F2A1CC96B}.Release|x64.ActiveCfg = Release|Any CPU
		{2328A95E-DC51-4795-9DAE-F38F2A1CC96B}.Release|x64.Build.0 = Release|Any CPU
		{2328A95E-DC51-4795-9DAE-F38F2A1CC96B}.Release|x86.ActiveCfg = Release|Any CPU
		{2328A95E-DC51-4795-9DAE-F38F2A1CC96B}.Release|x86.Build.0 = Release|Any CPU
		{599EC1DC-A379-42BB-A7F6-16E6496B2668}.Debug|Any CPU.ActiveCfg = Debug|Any CPU
		{599EC1DC-A379-42BB-A7F6-16E6496B2668}.Debug|Any CPU.Build.0 = Debug|Any CPU
		{599EC1DC-A379-42BB-A7F6-16E6496B2668}.Debug|x64.ActiveCfg = Debug|Any CPU
		{599EC1DC-A379-42BB-A7F6-16E6496B2668}.Debug|x64.Build.0 = Debug|Any CPU
		{599EC1DC-A379-42BB-A7F6-16E6496B2668}.Debug|x86.ActiveCfg = Debug|Any CPU
		{599EC1DC-A379-42BB-A7F6-16E6496B2668}.Debug|x86.Build.0 = Debug|Any CPU
		{599EC1DC-A379-42BB-A7F6-16E6496B2668}.Release|Any CPU.ActiveCfg = Release|Any CPU
		{599EC1DC-A379-42BB-A7F6-16E6496B2668}.Release|Any CPU.Build.0 = Release|Any CPU
		{599EC1DC-A379-42BB-A7F6-16E6496B2668}.Release|x64.ActiveCfg = Release|Any CPU
		{599EC1DC-A379-42BB-A7F6-16E6496B2668}.Release|x64.Build.0 = Release|Any CPU
		{599EC1DC-A379-42BB-A7F6-16E6496B2668}.Release|x86.ActiveCfg = Release|Any CPU
		{599EC1DC-A379-42BB-A7F6-16E6496B2668}.Release|x86.Build.0 = Release|Any CPU
		{26F69CAE-3758-4BD5-A302-CCF91BC14FBC}.Debug|Any CPU.ActiveCfg = Debug|Any CPU
		{26F69CAE-3758-4BD5-A302-CCF91BC14FBC}.Debug|Any CPU.Build.0 = Debug|Any CPU
		{26F69CAE-3758-4BD5-A302-CCF91BC14FBC}.Debug|x64.ActiveCfg = Debug|Any CPU
		{26F69CAE-3758-4BD5-A302-CCF91BC14FBC}.Debug|x64.Build.0 = Debug|Any CPU
		{26F69CAE-3758-4BD5-A302-CCF91BC14FBC}.Debug|x86.ActiveCfg = Debug|Any CPU
		{26F69CAE-3758-4BD5-A302-CCF91BC14FBC}.Debug|x86.Build.0 = Debug|Any CPU
		{26F69CAE-3758-4BD5-A302-CCF91BC14FBC}.Release|Any CPU.ActiveCfg = Release|Any CPU
		{26F69CAE-3758-4BD5-A302-CCF91BC14FBC}.Release|Any CPU.Build.0 = Release|Any CPU
		{26F69CAE-3758-4BD5-A302-CCF91BC14FBC}.Release|x64.ActiveCfg = Release|Any CPU
		{26F69CAE-3758-4BD5-A302-CCF91BC14FBC}.Release|x64.Build.0 = Release|Any CPU
		{26F69CAE-3758-4BD5-A302-CCF91BC14FBC}.Release|x86.ActiveCfg = Release|Any CPU
		{26F69CAE-3758-4BD5-A302-CCF91BC14FBC}.Release|x86.Build.0 = Release|Any CPU
		{7FDA207A-C296-4C5A-B4BC-1C678C24AEF1}.Debug|Any CPU.ActiveCfg = Debug|Any CPU
		{7FDA207A-C296-4C5A-B4BC-1C678C24AEF1}.Debug|Any CPU.Build.0 = Debug|Any CPU
		{7FDA207A-C296-4C5A-B4BC-1C678C24AEF1}.Debug|x64.ActiveCfg = Debug|Any CPU
		{7FDA207A-C296-4C5A-B4BC-1C678C24AEF1}.Debug|x64.Build.0 = Debug|Any CPU
		{7FDA207A-C296-4C5A-B4BC-1C678C24AEF1}.Debug|x86.ActiveCfg = Debug|Any CPU
		{7FDA207A-C296-4C5A-B4BC-1C678C24AEF1}.Debug|x86.Build.0 = Debug|Any CPU
		{7FDA207A-C296-4C5A-B4BC-1C678C24AEF1}.Release|Any CPU.ActiveCfg = Release|Any CPU
		{7FDA207A-C296-4C5A-B4BC-1C678C24AEF1}.Release|Any CPU.Build.0 = Release|Any CPU
		{7FDA207A-C296-4C5A-B4BC-1C678C24AEF1}.Release|x64.ActiveCfg = Release|Any CPU
		{7FDA207A-C296-4C5A-B4BC-1C678C24AEF1}.Release|x64.Build.0 = Release|Any CPU
		{7FDA207A-C296-4C5A-B4BC-1C678C24AEF1}.Release|x86.ActiveCfg = Release|Any CPU
		{7FDA207A-C296-4C5A-B4BC-1C678C24AEF1}.Release|x86.Build.0 = Release|Any CPU
	EndGlobalSection
	GlobalSection(SolutionProperties) = preSolution
		HideSolutionNode = FALSE
	EndGlobalSection
	GlobalSection(NestedProjects) = preSolution
		{2328A95E-DC51-4795-9DAE-F38F2A1CC96B} = {F2505D43-7E93-452E-A69C-14FFB028FF8D}
	EndGlobalSection
	GlobalSection(ExtensibilityGlobals) = postSolution
		SolutionGuid = {2F7E26C0-0B28-46AB-8B5D-1D2962BEDFF5}
	EndGlobalSection
EndGlobal
